// !$*UTF8*$!
{
	archiveVersion = 1;
	classes = {
	};
	objectVersion = 46;
	objects = {

/* Begin PBXBuildFile section */
		08CDFB63A595F93EC3B20387 /* Pods_Twitter.framework in Frameworks */ = {isa = PBXBuildFile; fileRef = 49908B3FFFB2256F9A6149E8 /* Pods_Twitter.framework */; };
		9F46E06A1C74042C00B120E6 /* AppDelegate.swift in Sources */ = {isa = PBXBuildFile; fileRef = 9F46E0691C74042C00B120E6 /* AppDelegate.swift */; };
		9F46E06F1C74042C00B120E6 /* Main.storyboard in Resources */ = {isa = PBXBuildFile; fileRef = 9F46E06D1C74042C00B120E6 /* Main.storyboard */; };
		9F46E0711C74042C00B120E6 /* Assets.xcassets in Resources */ = {isa = PBXBuildFile; fileRef = 9F46E0701C74042C00B120E6 /* Assets.xcassets */; };
		9F46E0741C74042C00B120E6 /* LaunchScreen.storyboard in Resources */ = {isa = PBXBuildFile; fileRef = 9F46E0721C74042C00B120E6 /* LaunchScreen.storyboard */; };
		9F879B151C838A8D000F1CC1 /* DetailsViewController.swift in Sources */ = {isa = PBXBuildFile; fileRef = 9F879B131C838A8D000F1CC1 /* DetailsViewController.swift */; };
		9F879B181C838B0B000F1CC1 /* ProfileViewController.swift in Sources */ = {isa = PBXBuildFile; fileRef = 9F879B171C838B0B000F1CC1 /* ProfileViewController.swift */; };
		9F879B1A1C838B20000F1CC1 /* ComposeViewController.swift in Sources */ = {isa = PBXBuildFile; fileRef = 9F879B191C838B20000F1CC1 /* ComposeViewController.swift */; };
		9F9855C81C769F7A00DD39C6 /* LogInViewController.swift in Sources */ = {isa = PBXBuildFile; fileRef = 9F9855C71C769F7A00DD39C6 /* LogInViewController.swift */; };
		9F9855CA1C7AB06A00DD39C6 /* TwitterClient.swift in Sources */ = {isa = PBXBuildFile; fileRef = 9F9855C91C7AB06A00DD39C6 /* TwitterClient.swift */; };
		9F9855CC1C7AB09700DD39C6 /* Tweet.swift in Sources */ = {isa = PBXBuildFile; fileRef = 9F9855CB1C7AB09700DD39C6 /* Tweet.swift */; };
		9F9855CE1C7AB0C200DD39C6 /* TweetsViewController.swift in Sources */ = {isa = PBXBuildFile; fileRef = 9F9855CD1C7AB0C200DD39C6 /* TweetsViewController.swift */; };
		9F9855D01C7AB0E800DD39C6 /* User.swift in Sources */ = {isa = PBXBuildFile; fileRef = 9F9855CF1C7AB0E800DD39C6 /* User.swift */; };
		9F9855D51C7ABB3F00DD39C6 /* TweetCell.swift in Sources */ = {isa = PBXBuildFile; fileRef = 9F9855D41C7ABB3F00DD39C6 /* TweetCell.swift */; };
/* End PBXBuildFile section */

/* Begin PBXFileReference section */
		49908B3FFFB2256F9A6149E8 /* Pods_Twitter.framework */ = {isa = PBXFileReference; explicitFileType = wrapper.framework; includeInIndex = 0; path = Pods_Twitter.framework; sourceTree = BUILT_PRODUCTS_DIR; };
		690BDF8F30101A433FA64844 /* Pods-Twitter.release.xcconfig */ = {isa = PBXFileReference; includeInIndex = 1; lastKnownFileType = text.xcconfig; name = "Pods-Twitter.release.xcconfig"; path = "Pods/Target Support Files/Pods-Twitter/Pods-Twitter.release.xcconfig"; sourceTree = "<group>"; };
		9F46E0661C74042C00B120E6 /* Twitter.app */ = {isa = PBXFileReference; explicitFileType = wrapper.application; includeInIndex = 0; path = Twitter.app; sourceTree = BUILT_PRODUCTS_DIR; };
		9F46E0691C74042C00B120E6 /* AppDelegate.swift */ = {isa = PBXFileReference; lastKnownFileType = sourcecode.swift; path = AppDelegate.swift; sourceTree = "<group>"; };
		9F46E06E1C74042C00B120E6 /* Base */ = {isa = PBXFileReference; lastKnownFileType = file.storyboard; name = Base; path = Base.lproj/Main.storyboard; sourceTree = "<group>"; };
		9F46E0701C74042C00B120E6 /* Assets.xcassets */ = {isa = PBXFileReference; lastKnownFileType = folder.assetcatalog; path = Assets.xcassets; sourceTree = "<group>"; };
		9F46E0731C74042C00B120E6 /* Base */ = {isa = PBXFileReference; lastKnownFileType = file.storyboard; name = Base; path = Base.lproj/LaunchScreen.storyboard; sourceTree = "<group>"; };
		9F46E0751C74042C00B120E6 /* Info.plist */ = {isa = PBXFileReference; lastKnownFileType = text.plist.xml; path = Info.plist; sourceTree = "<group>"; };
		9F879B131C838A8D000F1CC1 /* DetailsViewController.swift */ = {isa = PBXFileReference; fileEncoding = 4; lastKnownFileType = sourcecode.swift; path = DetailsViewController.swift; sourceTree = "<group>"; };
		9F879B171C838B0B000F1CC1 /* ProfileViewController.swift */ = {isa = PBXFileReference; fileEncoding = 4; lastKnownFileType = sourcecode.swift; path = ProfileViewController.swift; sourceTree = "<group>"; };
		9F879B191C838B20000F1CC1 /* ComposeViewController.swift */ = {isa = PBXFileReference; fileEncoding = 4; lastKnownFileType = sourcecode.swift; path = ComposeViewController.swift; sourceTree = "<group>"; };
		9F9855C71C769F7A00DD39C6 /* LogInViewController.swift */ = {isa = PBXFileReference; fileEncoding = 4; lastKnownFileType = sourcecode.swift; path = LogInViewController.swift; sourceTree = "<group>"; };
		9F9855C91C7AB06A00DD39C6 /* TwitterClient.swift */ = {isa = PBXFileReference; fileEncoding = 4; lastKnownFileType = sourcecode.swift; path = TwitterClient.swift; sourceTree = "<group>"; };
		9F9855CB1C7AB09700DD39C6 /* Tweet.swift */ = {isa = PBXFileReference; fileEncoding = 4; lastKnownFileType = sourcecode.swift; path = Tweet.swift; sourceTree = "<group>"; };
		9F9855CD1C7AB0C200DD39C6 /* TweetsViewController.swift */ = {isa = PBXFileReference; fileEncoding = 4; lastKnownFileType = sourcecode.swift; path = TweetsViewController.swift; sourceTree = "<group>"; };
		9F9855CF1C7AB0E800DD39C6 /* User.swift */ = {isa = PBXFileReference; fileEncoding = 4; lastKnownFileType = sourcecode.swift; path = User.swift; sourceTree = "<group>"; };
		9F9855D41C7ABB3F00DD39C6 /* TweetCell.swift */ = {isa = PBXFileReference; fileEncoding = 4; lastKnownFileType = sourcecode.swift; path = TweetCell.swift; sourceTree = "<group>"; };
		DD6BD45BB606848402A04345 /* Pods-Twitter.debug.xcconfig */ = {isa = PBXFileReference; includeInIndex = 1; lastKnownFileType = text.xcconfig; name = "Pods-Twitter.debug.xcconfig"; path = "Pods/Target Support Files/Pods-Twitter/Pods-Twitter.debug.xcconfig"; sourceTree = "<group>"; };
/* End PBXFileReference section */

/* Begin PBXFrameworksBuildPhase section */
		9F46E0631C74042C00B120E6 /* Frameworks */ = {
			isa = PBXFrameworksBuildPhase;
			buildActionMask = 2147483647;
			files = (
				08CDFB63A595F93EC3B20387 /* Pods_Twitter.framework in Frameworks */,
			);
			runOnlyForDeploymentPostprocessing = 0;
		};
/* End PBXFrameworksBuildPhase section */

/* Begin PBXGroup section */
		10B7A1AC74D0E0C3F68E2F6A /* Pods */ = {
			isa = PBXGroup;
			children = (
				DD6BD45BB606848402A04345 /* Pods-Twitter.debug.xcconfig */,
				690BDF8F30101A433FA64844 /* Pods-Twitter.release.xcconfig */,
			);
			name = Pods;
			sourceTree = "<group>";
		};
		9F46E05D1C74042C00B120E6 = {
			isa = PBXGroup;
			children = (
				9F46E0681C74042C00B120E6 /* Twitter */,
				9F46E0671C74042C00B120E6 /* Products */,
				10B7A1AC74D0E0C3F68E2F6A /* Pods */,
				F368C66775AAD72166E213D2 /* Frameworks */,
			);
			sourceTree = "<group>";
		};
		9F46E0671C74042C00B120E6 /* Products */ = {
			isa = PBXGroup;
			children = (
				9F46E0661C74042C00B120E6 /* Twitter.app */,
			);
			name = Products;
			sourceTree = "<group>";
		};
		9F46E0681C74042C00B120E6 /* Twitter */ = {
			isa = PBXGroup;
			children = (
				9F46E0691C74042C00B120E6 /* AppDelegate.swift */,
				9F9855D41C7ABB3F00DD39C6 /* TweetCell.swift */,
				9F9855D31C7AB2A900DD39C6 /* API */,
				9F9855D11C7AB10500DD39C6 /* ViewControllers */,
				9F9855D21C7AB25E00DD39C6 /* Models */,
				9F46E06D1C74042C00B120E6 /* Main.storyboard */,
				9F46E0701C74042C00B120E6 /* Assets.xcassets */,
				9F46E0721C74042C00B120E6 /* LaunchScreen.storyboard */,
				9F46E0751C74042C00B120E6 /* Info.plist */,
			);
			path = Twitter;
			sourceTree = "<group>";
		};
		9F9855D11C7AB10500DD39C6 /* ViewControllers */ = {
			isa = PBXGroup;
			children = (
				9F9855C71C769F7A00DD39C6 /* LogInViewController.swift */,
				9F9855CD1C7AB0C200DD39C6 /* TweetsViewController.swift */,
				9F879B131C838A8D000F1CC1 /* DetailsViewController.swift */,
				9F879B171C838B0B000F1CC1 /* ProfileViewController.swift */,
				9F879B191C838B20000F1CC1 /* ComposeViewController.swift */,
			);
			name = ViewControllers;
			sourceTree = "<group>";
		};
		9F9855D21C7AB25E00DD39C6 /* Models */ = {
			isa = PBXGroup;
			children = (
				9F9855CB1C7AB09700DD39C6 /* Tweet.swift */,
				9F9855CF1C7AB0E800DD39C6 /* User.swift */,
			);
			name = Models;
			sourceTree = "<group>";
		};
		9F9855D31C7AB2A900DD39C6 /* API */ = {
			isa = PBXGroup;
			children = (
				9F9855C91C7AB06A00DD39C6 /* TwitterClient.swift */,
			);
			name = API;
			sourceTree = "<group>";
		};
		F368C66775AAD72166E213D2 /* Frameworks */ = {
			isa = PBXGroup;
			children = (
				49908B3FFFB2256F9A6149E8 /* Pods_Twitter.framework */,
			);
			name = Frameworks;
			sourceTree = "<group>";
		};
/* End PBXGroup section */

/* Begin PBXNativeTarget section */
		9F46E0651C74042C00B120E6 /* Twitter */ = {
			isa = PBXNativeTarget;
			buildConfigurationList = 9F46E0781C74042C00B120E6 /* Build configuration list for PBXNativeTarget "Twitter" */;
			buildPhases = (
				1F1BB7C63AB914E38906908B /* Check Pods Manifest.lock */,
				9F46E0621C74042C00B120E6 /* Sources */,
				9F46E0631C74042C00B120E6 /* Frameworks */,
				9F46E0641C74042C00B120E6 /* Resources */,
				B2634308DDBBCEAFAC9E2303 /* Embed Pods Frameworks */,
				495ABD0AA2101A3CACD6C78B /* Copy Pods Resources */,
			);
			buildRules = (
			);
			dependencies = (
			);
			name = Twitter;
			productName = Twitter;
			productReference = 9F46E0661C74042C00B120E6 /* Twitter.app */;
			productType = "com.apple.product-type.application";
		};
/* End PBXNativeTarget section */

/* Begin PBXProject section */
		9F46E05E1C74042C00B120E6 /* Project object */ = {
			isa = PBXProject;
			attributes = {
				LastSwiftUpdateCheck = 0720;
				LastUpgradeCheck = 0720;
				ORGANIZATIONNAME = CodePath;
				TargetAttributes = {
					9F46E0651C74042C00B120E6 = {
						CreatedOnToolsVersion = 7.2.1;
					};
				};
			};
			buildConfigurationList = 9F46E0611C74042C00B120E6 /* Build configuration list for PBXProject "Twitter" */;
			compatibilityVersion = "Xcode 3.2";
			developmentRegion = English;
			hasScannedForEncodings = 0;
			knownRegions = (
				en,
				Base,
			);
			mainGroup = 9F46E05D1C74042C00B120E6;
			productRefGroup = 9F46E0671C74042C00B120E6 /* Products */;
			projectDirPath = "";
			projectRoot = "";
			targets = (
				9F46E0651C74042C00B120E6 /* Twitter */,
			);
		};
/* End PBXProject section */

/* Begin PBXResourcesBuildPhase section */
		9F46E0641C74042C00B120E6 /* Resources */ = {
			isa = PBXResourcesBuildPhase;
			buildActionMask = 2147483647;
			files = (
				9F46E0741C74042C00B120E6 /* LaunchScreen.storyboard in Resources */,
				9F46E0711C74042C00B120E6 /* Assets.xcassets in Resources */,
				9F46E06F1C74042C00B120E6 /* Main.storyboard in Resources */,
			);
			runOnlyForDeploymentPostprocessing = 0;
		};
/* End PBXResourcesBuildPhase section */

/* Begin PBXShellScriptBuildPhase section */
		1F1BB7C63AB914E38906908B /* Check Pods Manifest.lock */ = {
			isa = PBXShellScriptBuildPhase;
			buildActionMask = 2147483647;
			files = (
			);
			inputPaths = (
			);
			name = "Check Pods Manifest.lock";
			outputPaths = (
			);
			runOnlyForDeploymentPostprocessing = 0;
			shellPath = /bin/sh;
			shellScript = "diff \"${PODS_ROOT}/../Podfile.lock\" \"${PODS_ROOT}/Manifest.lock\" > /dev/null\nif [[ $? != 0 ]] ; then\n    cat << EOM\nerror: The sandbox is not in sync with the Podfile.lock. Run 'pod install' or update your CocoaPods installation.\nEOM\n    exit 1\nfi\n";
			showEnvVarsInLog = 0;
		};
		495ABD0AA2101A3CACD6C78B /* Copy Pods Resources */ = {
			isa = PBXShellScriptBuildPhase;
			buildActionMask = 2147483647;
			files = (
			);
			inputPaths = (
			);
			name = "Copy Pods Resources";
			outputPaths = (
			);
			runOnlyForDeploymentPostprocessing = 0;
			shellPath = /bin/sh;
			shellScript = "\"${SRCROOT}/Pods/Target Support Files/Pods-Twitter/Pods-Twitter-resources.sh\"\n";
			showEnvVarsInLog = 0;
		};
		B2634308DDBBCEAFAC9E2303 /* Embed Pods Frameworks */ = {
			isa = PBXShellScriptBuildPhase;
			buildActionMask = 2147483647;
			files = (
			);
			inputPaths = (
			);
			name = "Embed Pods Frameworks";
			outputPaths = (
			);
			runOnlyForDeploymentPostprocessing = 0;
			shellPath = /bin/sh;
			shellScript = "\"${SRCROOT}/Pods/Target Support Files/Pods-Twitter/Pods-Twitter-frameworks.sh\"\n";
			showEnvVarsInLog = 0;
		};
/* End PBXShellScriptBuildPhase section */

/* Begin PBXSourcesBuildPhase section */
		9F46E0621C74042C00B120E6 /* Sources */ = {
			isa = PBXSourcesBuildPhase;
			buildActionMask = 2147483647;
			files = (
				9F9855CA1C7AB06A00DD39C6 /* TwitterClient.swift in Sources */,
				9F9855D51C7ABB3F00DD39C6 /* TweetCell.swift in Sources */,
				9F9855CC1C7AB09700DD39C6 /* Tweet.swift in Sources */,
				9F879B151C838A8D000F1CC1 /* DetailsViewController.swift in Sources */,
				9F9855CE1C7AB0C200DD39C6 /* TweetsViewController.swift in Sources */,
				9F879B1A1C838B20000F1CC1 /* ComposeViewController.swift in Sources */,
				9F46E06A1C74042C00B120E6 /* AppDelegate.swift in Sources */,
				9F879B181C838B0B000F1CC1 /* ProfileViewController.swift in Sources */,
				9F9855C81C769F7A00DD39C6 /* LogInViewController.swift in Sources */,
				9F9855D01C7AB0E800DD39C6 /* User.swift in Sources */,
			);
			runOnlyForDeploymentPostprocessing = 0;
		};
/* End PBXSourcesBuildPhase section */

/* Begin PBXVariantGroup section */
		9F46E06D1C74042C00B120E6 /* Main.storyboard */ = {
			isa = PBXVariantGroup;
			children = (
				9F46E06E1C74042C00B120E6 /* Base */,
			);
			name = Main.storyboard;
			sourceTree = "<group>";
		};
		9F46E0721C74042C00B120E6 /* LaunchScreen.storyboard */ = {
			isa = PBXVariantGroup;
			children = (
				9F46E0731C74042C00B120E6 /* Base */,
			);
			name = LaunchScreen.storyboard;
			sourceTree = "<group>";
		};
/* End PBXVariantGroup section */

/* Begin XCBuildConfiguration section */
		9F46E0761C74042C00B120E6 /* Debug */ = {
			isa = XCBuildConfiguration;
			buildSettings = {
				ALWAYS_SEARCH_USER_PATHS = NO;
				CLANG_CXX_LANGUAGE_STANDARD = "gnu++0x";
				CLANG_CXX_LIBRARY = "libc++";
				CLANG_ENABLE_MODULES = YES;
				CLANG_ENABLE_OBJC_ARC = YES;
				CLANG_WARN_BOOL_CONVERSION = YES;
				CLANG_WARN_CONSTANT_CONVERSION = YES;
				CLANG_WARN_DIRECT_OBJC_ISA_USAGE = YES_ERROR;
				CLANG_WARN_EMPTY_BODY = YES;
				CLANG_WARN_ENUM_CONVERSION = YES;
				CLANG_WARN_INT_CONVERSION = YES;
				CLANG_WARN_OBJC_ROOT_CLASS = YES_ERROR;
				CLANG_WARN_UNREACHABLE_CODE = YES;
				CLANG_WARN__DUPLICATE_METHOD_MATCH = YES;
				"CODE_SIGN_IDENTITY[sdk=iphoneos*]" = "iPhone Developer";
				COPY_PHASE_STRIP = NO;
				DEBUG_INFORMATION_FORMAT = dwarf;
				ENABLE_STRICT_OBJC_MSGSEND = YES;
				ENABLE_TESTABILITY = YES;
				GCC_C_LANGUAGE_STANDARD = gnu99;
				GCC_DYNAMIC_NO_PIC = NO;
				GCC_NO_COMMON_BLOCKS = YES;
				GCC_OPTIMIZATION_LEVEL = 0;
				GCC_PREPROCESSOR_DEFINITIONS = (
					"DEBUG=1",
					"$(inherited)",
				);
				GCC_WARN_64_TO_32_BIT_CONVERSION = YES;
				GCC_WARN_ABOUT_RETURN_TYPE = YES_ERROR;
				GCC_WARN_UNDECLARED_SELECTOR = YES;
				GCC_WARN_UNINITIALIZED_AUTOS = YES_AGGRESSIVE;
				GCC_WARN_UNUSED_FUNCTION = YES;
				GCC_WARN_UNUSED_VARIABLE = YES;
				IPHONEOS_DEPLOYMENT_TARGET = 9.2;
				MTL_ENABLE_DEBUG_INFO = YES;
				ONLY_ACTIVE_ARCH = YES;
				SDKROOT = iphoneos;
				SWIFT_OPTIMIZATION_LEVEL = "-Onone";
				TARGETED_DEVICE_FAMILY = "1,2";
			};
			name = Debug;
		};
		9F46E0771C74042C00B120E6 /* Release */ = {
			isa = XCBuildConfiguration;
			buildSettings = {
				ALWAYS_SEARCH_USER_PATHS = NO;
				CLANG_CXX_LANGUAGE_STANDARD = "gnu++0x";
				CLANG_CXX_LIBRARY = "libc++";
				CLANG_ENABLE_MODULES = YES;
				CLANG_ENABLE_OBJC_ARC = YES;
				CLANG_WARN_BOOL_CONVERSION = YES;
				CLANG_WARN_CONSTANT_CONVERSION = YES;
				CLANG_WARN_DIRECT_OBJC_ISA_USAGE = YES_ERROR;
				CLANG_WARN_EMPTY_BODY = YES;
				CLANG_WARN_ENUM_CONVERSION = YES;
				CLANG_WARN_INT_CONVERSION = YES;
				CLANG_WARN_OBJC_ROOT_CLASS = YES_ERROR;
				CLANG_WARN_UNREACHABLE_CODE = YES;
				CLANG_WARN__DUPLICATE_METHOD_MATCH = YES;
				"CODE_SIGN_IDENTITY[sdk=iphoneos*]" = "iPhone Developer";
				COPY_PHASE_STRIP = NO;
				DEBUG_INFORMATION_FORMAT = "dwarf-with-dsym";
				ENABLE_NS_ASSERTIONS = NO;
				ENABLE_STRICT_OBJC_MSGSEND = YES;
				GCC_C_LANGUAGE_STANDARD = gnu99;
				GCC_NO_COMMON_BLOCKS = YES;
				GCC_WARN_64_TO_32_BIT_CONVERSION = YES;
				GCC_WARN_ABOUT_RETURN_TYPE = YES_ERROR;
				GCC_WARN_UNDECLARED_SELECTOR = YES;
				GCC_WARN_UNINITIALIZED_AUTOS = YES_AGGRESSIVE;
				GCC_WARN_UNUSED_FUNCTION = YES;
				GCC_WARN_UNUSED_VARIABLE = YES;
				IPHONEOS_DEPLOYMENT_TARGET = 9.2;
				MTL_ENABLE_DEBUG_INFO = NO;
				SDKROOT = iphoneos;
				TARGETED_DEVICE_FAMILY = "1,2";
				VALIDATE_PRODUCT = YES;
			};
			name = Release;
		};
		9F46E0791C74042C00B120E6 /* Debug */ = {
			isa = XCBuildConfiguration;
			baseConfigurationReference = DD6BD45BB606848402A04345 /* Pods-Twitter.debug.xcconfig */;
			buildSettings = {
				ASSETCATALOG_COMPILER_APPICON_NAME = AppIcon;
				INFOPLIST_FILE = Twitter/Info.plist;
				LD_RUNPATH_SEARCH_PATHS = "$(inherited) @executable_path/Frameworks";
				PRODUCT_BUNDLE_IDENTIFIER = codepath.com.Twitter;
				PRODUCT_NAME = "$(TARGET_NAME)";
			};
			name = Debug;
		};
		9F46E07A1C74042C00B120E6 /* Release */ = {
			isa = XCBuildConfiguration;
			baseConfigurationReference = 690BDF8F30101A433FA64844 /* Pods-Twitter.release.xcconfig */;
			buildSettings = {
				ASSETCATALOG_COMPILER_APPICON_NAME = AppIcon;
				INFOPLIST_FILE = Twitter/Info.plist;
				LD_RUNPATH_SEARCH_PATHS = "$(inherited) @executable_path/Frameworks";
				PRODUCT_BUNDLE_IDENTIFIER = codepath.com.Twitter;
				PRODUCT_NAME = "$(TARGET_NAME)";
			};
			name = Release;
		};
/* End XCBuildConfiguration section */

/* Begin XCConfigurationList section */
		9F46E0611C74042C00B120E6 /* Build configuration list for PBXProject "Twitter" */ = {
			isa = XCConfigurationList;
			buildConfigurations = (
				9F46E0761C74042C00B120E6 /* Debug */,
				9F46E0771C74042C00B120E6 /* Release */,
			);
			defaultConfigurationIsVisible = 0;
			defaultConfigurationName = Release;
		};
		9F46E0781C74042C00B120E6 /* Build configuration list for PBXNativeTarget "Twitter" */ = {
			isa = XCConfigurationList;
			buildConfigurations = (
				9F46E0791C74042C00B120E6 /* Debug */,
				9F46E07A1C74042C00B120E6 /* Release */,
			);
			defaultConfigurationIsVisible = 0;
			defaultConfigurationName = Release;
		};
/* End XCConfigurationList section */
	};
	rootObject = 9F46E05E1C74042C00B120E6 /* Project object */;
}
